
Microsoft Visual Studio Solution File, Format Version 12.00
# Visual Studio Version 16
VisualStudioVersion = 16.0.29920.165
MinimumVisualStudioVersion = 10.0.40219.1
Project("{FAE04EC0-301F-11D3-BF4B-00C04F79EFBC}") = "Libros", "Libros\Libros.csproj", "{962D6F1E-2CEF-491C-B18C-2E9C145470D2}"
EndProject
Project("{FAE04EC0-301F-11D3-BF4B-00C04F79EFBC}") = "Consola", "Consola\Consola.csproj", "{818C416D-2257-44EB-BDEE-A60333F035BF}"
EndProject
Global
	GlobalSection(SolutionConfigurationPlatforms) = preSolution
		Debug|Any CPU = Debug|Any CPU
		Release|Any CPU = Release|Any CPU
	EndGlobalSection
	GlobalSection(ProjectConfigurationPlatforms) = postSolution
		{962D6F1E-2CEF-491C-B18C-2E9C145470D2}.Debug|Any CPU.ActiveCfg = Debug|Any CPU
		{962D6F1E-2CEF-491C-B18C-2E9C145470D2}.Debug|Any CPU.Build.0 = Debug|Any CPU
		{962D6F1E-2CEF-491C-B18C-2E9C145470D2}.Release|Any CPU.ActiveCfg = Release|Any CPU
		{962D6F1E-2CEF-491C-B18C-2E9C145470D2}.Release|Any CPU.Build.0 = Release|Any CPU
		{818C416D-2257-44EB-BDEE-A60333F035BF}.Debug|Any CPU.ActiveCfg = Debug|Any CPU
		{818C416D-2257-44EB-BDEE-A60333F035BF}.Debug|Any CPU.Build.0 = Debug|Any CPU
		{818C416D-2257-44EB-BDEE-A60333F035BF}.Release|Any CPU.ActiveCfg = Release|Any CPU
		{818C416D-2257-44EB-BDEE-A60333F035BF}.Release|Any CPU.Build.0 = Release|Any CPU
	EndGlobalSection
	GlobalSection(SolutionProperties) = preSolution
		HideSolutionNode = FALSE
	EndGlobalSection
	GlobalSection(ExtensibilityGlobals) = postSolution
		SolutionGuid = {88779056-B6B1-4829-BE90-21DD6CEC2325}
	EndGlobalSection
EndGlobal
