
Microsoft Visual Studio Solution File, Format Version 12.00
# Visual Studio Version 16
VisualStudioVersion = 16.0.29920.165
MinimumVisualStudioVersion = 10.0.40219.1
Project("{FAE04EC0-301F-11D3-BF4B-00C04F79EFBC}") = "Entidades", "Entidades\Entidades.csproj", "{69E7DC56-85C6-416A-B501-0292A3B5B178}"
EndProject
Project("{FAE04EC0-301F-11D3-BF4B-00C04F79EFBC}") = "Consola", "Consola\Consola.csproj", "{80D0DF07-560B-44B7-83A9-59A84627A17C}"
EndProject
Global
	GlobalSection(SolutionConfigurationPlatforms) = preSolution
		Debug|Any CPU = Debug|Any CPU
		Release|Any CPU = Release|Any CPU
	EndGlobalSection
	GlobalSection(ProjectConfigurationPlatforms) = postSolution
		{69E7DC56-85C6-416A-B501-0292A3B5B178}.Debug|Any CPU.ActiveCfg = Debug|Any CPU
		{69E7DC56-85C6-416A-B501-0292A3B5B178}.Debug|Any CPU.Build.0 = Debug|Any CPU
		{69E7DC56-85C6-416A-B501-0292A3B5B178}.Release|Any CPU.ActiveCfg = Release|Any CPU
		{69E7DC56-85C6-416A-B501-0292A3B5B178}.Release|Any CPU.Build.0 = Release|Any CPU
		{80D0DF07-560B-44B7-83A9-59A84627A17C}.Debug|Any CPU.ActiveCfg = Debug|Any CPU
		{80D0DF07-560B-44B7-83A9-59A84627A17C}.Debug|Any CPU.Build.0 = Debug|Any CPU
		{80D0DF07-560B-44B7-83A9-59A84627A17C}.Release|Any CPU.ActiveCfg = Release|Any CPU
		{80D0DF07-560B-44B7-83A9-59A84627A17C}.Release|Any CPU.Build.0 = Release|Any CPU
	EndGlobalSection
	GlobalSection(SolutionProperties) = preSolution
		HideSolutionNode = FALSE
	EndGlobalSection
	GlobalSection(ExtensibilityGlobals) = postSolution
		SolutionGuid = {30B1E7A0-AEA8-4B86-BBDB-44219F24297C}
	EndGlobalSection
EndGlobal
