
Microsoft Visual Studio Solution File, Format Version 12.00
# Visual Studio Version 16
VisualStudioVersion = 16.0.29920.165
MinimumVisualStudioVersion = 10.0.40219.1
Project("{FAE04EC0-301F-11D3-BF4B-00C04F79EFBC}") = "Array", "Array\Array.csproj", "{654BE386-2F8C-4457-9F10-6CDEE094DB16}"
EndProject
Project("{FAE04EC0-301F-11D3-BF4B-00C04F79EFBC}") = "Consola", "Consola\Consola.csproj", "{3D6D0276-F859-40D6-BD7D-1E0B73EC6D5C}"
EndProject
Global
	GlobalSection(SolutionConfigurationPlatforms) = preSolution
		Debug|Any CPU = Debug|Any CPU
		Release|Any CPU = Release|Any CPU
	EndGlobalSection
	GlobalSection(ProjectConfigurationPlatforms) = postSolution
		{654BE386-2F8C-4457-9F10-6CDEE094DB16}.Debug|Any CPU.ActiveCfg = Debug|Any CPU
		{654BE386-2F8C-4457-9F10-6CDEE094DB16}.Debug|Any CPU.Build.0 = Debug|Any CPU
		{654BE386-2F8C-4457-9F10-6CDEE094DB16}.Release|Any CPU.ActiveCfg = Release|Any CPU
		{654BE386-2F8C-4457-9F10-6CDEE094DB16}.Release|Any CPU.Build.0 = Release|Any CPU
		{3D6D0276-F859-40D6-BD7D-1E0B73EC6D5C}.Debug|Any CPU.ActiveCfg = Debug|Any CPU
		{3D6D0276-F859-40D6-BD7D-1E0B73EC6D5C}.Debug|Any CPU.Build.0 = Debug|Any CPU
		{3D6D0276-F859-40D6-BD7D-1E0B73EC6D5C}.Release|Any CPU.ActiveCfg = Release|Any CPU
		{3D6D0276-F859-40D6-BD7D-1E0B73EC6D5C}.Release|Any CPU.Build.0 = Release|Any CPU
	EndGlobalSection
	GlobalSection(SolutionProperties) = preSolution
		HideSolutionNode = FALSE
	EndGlobalSection
	GlobalSection(ExtensibilityGlobals) = postSolution
		SolutionGuid = {D70A6467-8B70-4213-B948-3977F9887B98}
	EndGlobalSection
EndGlobal
