
Microsoft Visual Studio Solution File, Format Version 12.00
# Visual Studio Version 16
VisualStudioVersion = 16.0.29920.165
MinimumVisualStudioVersion = 10.0.40219.1
Project("{FAE04EC0-301F-11D3-BF4B-00C04F79EFBC}") = "Diccionarios", "Diccionario\Diccionarios.csproj", "{4BE0717E-4E98-4F07-A7F7-0FB41E716EC5}"
EndProject
Project("{FAE04EC0-301F-11D3-BF4B-00C04F79EFBC}") = "FormDiccionario", "FormDiccionario\FormDiccionario.csproj", "{AA668EB9-4706-4CC0-BA76-C9DE15C86B5C}"
EndProject
Global
	GlobalSection(SolutionConfigurationPlatforms) = preSolution
		Debug|Any CPU = Debug|Any CPU
		Release|Any CPU = Release|Any CPU
	EndGlobalSection
	GlobalSection(ProjectConfigurationPlatforms) = postSolution
		{4BE0717E-4E98-4F07-A7F7-0FB41E716EC5}.Debug|Any CPU.ActiveCfg = Debug|Any CPU
		{4BE0717E-4E98-4F07-A7F7-0FB41E716EC5}.Debug|Any CPU.Build.0 = Debug|Any CPU
		{4BE0717E-4E98-4F07-A7F7-0FB41E716EC5}.Release|Any CPU.ActiveCfg = Release|Any CPU
		{4BE0717E-4E98-4F07-A7F7-0FB41E716EC5}.Release|Any CPU.Build.0 = Release|Any CPU
		{AA668EB9-4706-4CC0-BA76-C9DE15C86B5C}.Debug|Any CPU.ActiveCfg = Debug|Any CPU
		{AA668EB9-4706-4CC0-BA76-C9DE15C86B5C}.Debug|Any CPU.Build.0 = Debug|Any CPU
		{AA668EB9-4706-4CC0-BA76-C9DE15C86B5C}.Release|Any CPU.ActiveCfg = Release|Any CPU
		{AA668EB9-4706-4CC0-BA76-C9DE15C86B5C}.Release|Any CPU.Build.0 = Release|Any CPU
	EndGlobalSection
	GlobalSection(SolutionProperties) = preSolution
		HideSolutionNode = FALSE
	EndGlobalSection
	GlobalSection(ExtensibilityGlobals) = postSolution
		SolutionGuid = {DF664D03-037A-436E-86D6-874E36C54554}
	EndGlobalSection
EndGlobal
