
Microsoft Visual Studio Solution File, Format Version 12.00
# Visual Studio Version 16
VisualStudioVersion = 16.0.29920.165
MinimumVisualStudioVersion = 10.0.40219.1
Project("{FAE04EC0-301F-11D3-BF4B-00C04F79EFBC}") = "Billetes", "Billetes\Billetes.csproj", "{C9C475CA-A7C0-42AE-8DC9-FBB4A363AD10}"
EndProject
Project("{FAE04EC0-301F-11D3-BF4B-00C04F79EFBC}") = "Ejercicio_20", "..\Ejercicio_20\Ejercicio_20.csproj", "{5C4C548F-BE3F-4E65-8D06-F2F5E1CB8ECE}"
EndProject
Global
	GlobalSection(SolutionConfigurationPlatforms) = preSolution
		Debug|Any CPU = Debug|Any CPU
		Release|Any CPU = Release|Any CPU
	EndGlobalSection
	GlobalSection(ProjectConfigurationPlatforms) = postSolution
		{C9C475CA-A7C0-42AE-8DC9-FBB4A363AD10}.Debug|Any CPU.ActiveCfg = Debug|Any CPU
		{C9C475CA-A7C0-42AE-8DC9-FBB4A363AD10}.Debug|Any CPU.Build.0 = Debug|Any CPU
		{C9C475CA-A7C0-42AE-8DC9-FBB4A363AD10}.Release|Any CPU.ActiveCfg = Release|Any CPU
		{C9C475CA-A7C0-42AE-8DC9-FBB4A363AD10}.Release|Any CPU.Build.0 = Release|Any CPU
		{5C4C548F-BE3F-4E65-8D06-F2F5E1CB8ECE}.Debug|Any CPU.ActiveCfg = Debug|Any CPU
		{5C4C548F-BE3F-4E65-8D06-F2F5E1CB8ECE}.Debug|Any CPU.Build.0 = Debug|Any CPU
		{5C4C548F-BE3F-4E65-8D06-F2F5E1CB8ECE}.Release|Any CPU.ActiveCfg = Release|Any CPU
		{5C4C548F-BE3F-4E65-8D06-F2F5E1CB8ECE}.Release|Any CPU.Build.0 = Release|Any CPU
	EndGlobalSection
	GlobalSection(SolutionProperties) = preSolution
		HideSolutionNode = FALSE
	EndGlobalSection
	GlobalSection(ExtensibilityGlobals) = postSolution
		SolutionGuid = {08201679-802A-4F33-9A92-DEE50B8B856E}
	EndGlobalSection
EndGlobal
